
Microsoft Visual Studio Solution File, Format Version 12.00
# Visual Studio Version 17
VisualStudioVersion = 17.9.34728.123
MinimumVisualStudioVersion = 10.0.40219.1
Project("{FAE04EC0-301F-11D3-BF4B-00C04F79EFBC}") = "WebApplicationT1", "WebApplicationT1\WebApplicationT1.csproj", "{2B6CEB08-63CC-4A62-B09C-F2BA51C7CF8D}"
EndProject
Global
	GlobalSection(SolutionConfigurationPlatforms) = preSolution
		Debug|Any CPU = Debug|Any CPU
		Release|Any CPU = Release|Any CPU
	EndGlobalSection
	GlobalSection(ProjectConfigurationPlatforms) = postSolution
		{2B6CEB08-63CC-4A62-B09C-F2BA51C7CF8D}.Debug|Any CPU.ActiveCfg = Debug|Any CPU
		{2B6CEB08-63CC-4A62-B09C-F2BA51C7CF8D}.Debug|Any CPU.Build.0 = Debug|Any CPU
		{2B6CEB08-63CC-4A62-B09C-F2BA51C7CF8D}.Release|Any CPU.ActiveCfg = Release|Any CPU
		{2B6CEB08-63CC-4A62-B09C-F2BA51C7CF8D}.Release|Any CPU.Build.0 = Release|Any CPU
	EndGlobalSection
	GlobalSection(SolutionProperties) = preSolution
		HideSolutionNode = FALSE
	EndGlobalSection
	GlobalSection(ExtensibilityGlobals) = postSolution
		SolutionGuid = {A7A20602-54B4-4C5C-90A2-6E7B9378CFE1}
	EndGlobalSection
EndGlobal
